
Microsoft Visual Studio Solution File, Format Version 12.00
# Visual Studio Version 17
VisualStudioVersion = 17.3.32929.385
MinimumVisualStudioVersion = 10.0.40219.1
Project("{FAE04EC0-301F-11D3-BF4B-00C04F79EFBC}") = "Talabat.APIs", "Talabat.APIs\Talabat.APIs.csproj", "{328F9ADA-8691-47CB-B6B7-13042FEBF20C}"
EndProject
Project("{FAE04EC0-301F-11D3-BF4B-00C04F79EFBC}") = "Talabat.Domine", "Talabat.Domine\Talabat.Domine.csproj", "{585E4E55-00FC-4420-B9DD-3AFE2EB4887F}"
EndProject
Project("{FAE04EC0-301F-11D3-BF4B-00C04F79EFBC}") = "Talabat.Services", "Talabat.Services\Talabat.Services.csproj", "{1962DD83-64E5-436C-B13E-CE50B965C419}"
EndProject
Project("{FAE04EC0-301F-11D3-BF4B-00C04F79EFBC}") = "Talabat.Repository", "Talabat.Repository\Talabat.Repository.csproj", "{65048169-FEFF-473B-A2A9-2703107EA5FE}"
EndProject
Global
	GlobalSection(SolutionConfigurationPlatforms) = preSolution
		Debug|Any CPU = Debug|Any CPU
		Release|Any CPU = Release|Any CPU
	EndGlobalSection
	GlobalSection(ProjectConfigurationPlatforms) = postSolution
		{328F9ADA-8691-47CB-B6B7-13042FEBF20C}.Debug|Any CPU.ActiveCfg = Debug|Any CPU
		{328F9ADA-8691-47CB-B6B7-13042FEBF20C}.Debug|Any CPU.Build.0 = Debug|Any CPU
		{328F9ADA-8691-47CB-B6B7-13042FEBF20C}.Release|Any CPU.ActiveCfg = Release|Any CPU
		{328F9ADA-8691-47CB-B6B7-13042FEBF20C}.Release|Any CPU.Build.0 = Release|Any CPU
		{585E4E55-00FC-4420-B9DD-3AFE2EB4887F}.Debug|Any CPU.ActiveCfg = Debug|Any CPU
		{585E4E55-00FC-4420-B9DD-3AFE2EB4887F}.Debug|Any CPU.Build.0 = Debug|Any CPU
		{585E4E55-00FC-4420-B9DD-3AFE2EB4887F}.Release|Any CPU.ActiveCfg = Release|Any CPU
		{585E4E55-00FC-4420-B9DD-3AFE2EB4887F}.Release|Any CPU.Build.0 = Release|Any CPU
		{1962DD83-64E5-436C-B13E-CE50B965C419}.Debug|Any CPU.ActiveCfg = Debug|Any CPU
		{1962DD83-64E5-436C-B13E-CE50B965C419}.Debug|Any CPU.Build.0 = Debug|Any CPU
		{1962DD83-64E5-436C-B13E-CE50B965C419}.Release|Any CPU.ActiveCfg = Release|Any CPU
		{1962DD83-64E5-436C-B13E-CE50B965C419}.Release|Any CPU.Build.0 = Release|Any CPU
		{65048169-FEFF-473B-A2A9-2703107EA5FE}.Debug|Any CPU.ActiveCfg = Debug|Any CPU
		{65048169-FEFF-473B-A2A9-2703107EA5FE}.Debug|Any CPU.Build.0 = Debug|Any CPU
		{65048169-FEFF-473B-A2A9-2703107EA5FE}.Release|Any CPU.ActiveCfg = Release|Any CPU
		{65048169-FEFF-473B-A2A9-2703107EA5FE}.Release|Any CPU.Build.0 = Release|Any CPU
	EndGlobalSection
	GlobalSection(SolutionProperties) = preSolution
		HideSolutionNode = FALSE
	EndGlobalSection
	GlobalSection(ExtensibilityGlobals) = postSolution
		SolutionGuid = {5A0991DE-F0DB-4CF7-B865-0FDE35F04406}
	EndGlobalSection
EndGlobal
